// !$*UTF8*$!
{
	archiveVersion = 1;
	classes = {
	};
	objectVersion = 50;
	objects = {

/* Begin PBXBuildFile section */
		59C98C2B27227C528D721338 /* Pods_HandleStatusCode.framework in Frameworks */ = {isa = PBXBuildFile; fileRef = A486A2150806BADAD859C7DD /* Pods_HandleStatusCode.framework */; };
		60BD2F0C21158BE4007803BF /* AppDelegate.swift in Sources */ = {isa = PBXBuildFile; fileRef = 60BD2F0B21158BE4007803BF /* AppDelegate.swift */; };
		60BD2F0E21158BE4007803BF /* ViewController.swift in Sources */ = {isa = PBXBuildFile; fileRef = 60BD2F0D21158BE4007803BF /* ViewController.swift */; };
		60BD2F1121158BE4007803BF /* Main.storyboard in Resources */ = {isa = PBXBuildFile; fileRef = 60BD2F0F21158BE4007803BF /* Main.storyboard */; };
		60BD2F1321158BE7007803BF /* Assets.xcassets in Resources */ = {isa = PBXBuildFile; fileRef = 60BD2F1221158BE7007803BF /* Assets.xcassets */; };
		60BD2F1621158BE7007803BF /* LaunchScreen.storyboard in Resources */ = {isa = PBXBuildFile; fileRef = 60BD2F1421158BE7007803BF /* LaunchScreen.storyboard */; };
		60BD2F2021159483007803BF /* UserService.swift in Sources */ = {isa = PBXBuildFile; fileRef = 60BD2F1F21159483007803BF /* UserService.swift */; };
		60BD2F22211594D2007803BF /* ViewModel.swift in Sources */ = {isa = PBXBuildFile; fileRef = 60BD2F21211594D2007803BF /* ViewModel.swift */; };
/* End PBXBuildFile section */

/* Begin PBXFileReference section */
		60BD2F0821158BE3007803BF /* HandleStatusCode.app */ = {isa = PBXFileReference; explicitFileType = wrapper.application; includeInIndex = 0; path = HandleStatusCode.app; sourceTree = BUILT_PRODUCTS_DIR; };
		60BD2F0B21158BE4007803BF /* AppDelegate.swift */ = {isa = PBXFileReference; lastKnownFileType = sourcecode.swift; path = AppDelegate.swift; sourceTree = "<group>"; };
		60BD2F0D21158BE4007803BF /* ViewController.swift */ = {isa = PBXFileReference; lastKnownFileType = sourcecode.swift; path = ViewController.swift; sourceTree = "<group>"; };
		60BD2F1021158BE4007803BF /* Base */ = {isa = PBXFileReference; lastKnownFileType = file.storyboard; name = Base; path = Base.lproj/Main.storyboard; sourceTree = "<group>"; };
		60BD2F1221158BE7007803BF /* Assets.xcassets */ = {isa = PBXFileReference; lastKnownFileType = folder.assetcatalog; path = Assets.xcassets; sourceTree = "<group>"; };
		60BD2F1521158BE7007803BF /* Base */ = {isa = PBXFileReference; lastKnownFileType = file.storyboard; name = Base; path = Base.lproj/LaunchScreen.storyboard; sourceTree = "<group>"; };
		60BD2F1721158BE7007803BF /* Info.plist */ = {isa = PBXFileReference; lastKnownFileType = text.plist.xml; path = Info.plist; sourceTree = "<group>"; };
		60BD2F1F21159483007803BF /* UserService.swift */ = {isa = PBXFileReference; lastKnownFileType = sourcecode.swift; path = UserService.swift; sourceTree = "<group>"; };
		60BD2F21211594D2007803BF /* ViewModel.swift */ = {isa = PBXFileReference; lastKnownFileType = sourcecode.swift; path = ViewModel.swift; sourceTree = "<group>"; };
		A486A2150806BADAD859C7DD /* Pods_HandleStatusCode.framework */ = {isa = PBXFileReference; explicitFileType = wrapper.framework; includeInIndex = 0; path = Pods_HandleStatusCode.framework; sourceTree = BUILT_PRODUCTS_DIR; };
		B7B2FA79BCA1B95065B2F02A /* Pods-HandleStatusCode.debug.xcconfig */ = {isa = PBXFileReference; includeInIndex = 1; lastKnownFileType = text.xcconfig; name = "Pods-HandleStatusCode.debug.xcconfig"; path = "Pods/Target Support Files/Pods-HandleStatusCode/Pods-HandleStatusCode.debug.xcconfig"; sourceTree = "<group>"; };
		D050EBD95A2400217F02954E /* Pods-HandleStatusCode.release.xcconfig */ = {isa = PBXFileReference; includeInIndex = 1; lastKnownFileType = text.xcconfig; name = "Pods-HandleStatusCode.release.xcconfig"; path = "Pods/Target Support Files/Pods-HandleStatusCode/Pods-HandleStatusCode.release.xcconfig"; sourceTree = "<group>"; };
/* End PBXFileReference section */

/* Begin PBXFrameworksBuildPhase section */
		60BD2F0521158BE3007803BF /* Frameworks */ = {
			isa = PBXFrameworksBuildPhase;
			buildActionMask = 2147483647;
			files = (
				59C98C2B27227C528D721338 /* Pods_HandleStatusCode.framework in Frameworks */,
			);
			runOnlyForDeploymentPostprocessing = 0;
		};
/* End PBXFrameworksBuildPhase section */

/* Begin PBXGroup section */
		48341529D583BBA9FD6BC988 /* Pods */ = {
			isa = PBXGroup;
			children = (
				B7B2FA79BCA1B95065B2F02A /* Pods-HandleStatusCode.debug.xcconfig */,
				D050EBD95A2400217F02954E /* Pods-HandleStatusCode.release.xcconfig */,
			);
			name = Pods;
			sourceTree = "<group>";
		};
		5544C7E12405DC98923CF7CF /* Frameworks */ = {
			isa = PBXGroup;
			children = (
				A486A2150806BADAD859C7DD /* Pods_HandleStatusCode.framework */,
			);
			name = Frameworks;
			sourceTree = "<group>";
		};
		60BD2EFF21158BE3007803BF = {
			isa = PBXGroup;
			children = (
				60BD2F0A21158BE3007803BF /* HandleStatusCode */,
				60BD2F0921158BE3007803BF /* Products */,
				48341529D583BBA9FD6BC988 /* Pods */,
				5544C7E12405DC98923CF7CF /* Frameworks */,
			);
			sourceTree = "<group>";
		};
		60BD2F0921158BE3007803BF /* Products */ = {
			isa = PBXGroup;
			children = (
				60BD2F0821158BE3007803BF /* HandleStatusCode.app */,
			);
			name = Products;
			sourceTree = "<group>";
		};
		60BD2F0A21158BE3007803BF /* HandleStatusCode */ = {
			isa = PBXGroup;
			children = (
				60BD2F0B21158BE4007803BF /* AppDelegate.swift */,
				60BD2F0D21158BE4007803BF /* ViewController.swift */,
				60BD2F0F21158BE4007803BF /* Main.storyboard */,
				60BD2F1221158BE7007803BF /* Assets.xcassets */,
				60BD2F1421158BE7007803BF /* LaunchScreen.storyboard */,
				60BD2F1721158BE7007803BF /* Info.plist */,
				60BD2F1F21159483007803BF /* UserService.swift */,
				60BD2F21211594D2007803BF /* ViewModel.swift */,
			);
			path = HandleStatusCode;
			sourceTree = "<group>";
		};
/* End PBXGroup section */

/* Begin PBXNativeTarget section */
		60BD2F0721158BE3007803BF /* HandleStatusCode */ = {
			isa = PBXNativeTarget;
			buildConfigurationList = 60BD2F1A21158BE7007803BF /* Build configuration list for PBXNativeTarget "HandleStatusCode" */;
			buildPhases = (
				9D633D57B6CC2D9C0236FC80 /* [CP] Check Pods Manifest.lock */,
				60BD2F0421158BE3007803BF /* Sources */,
				60BD2F0521158BE3007803BF /* Frameworks */,
				60BD2F0621158BE3007803BF /* Resources */,
				561E1C8DF8E9F6D0088EEAB6 /* [CP] Embed Pods Frameworks */,
			);
			buildRules = (
			);
			dependencies = (
			);
			name = HandleStatusCode;
			productName = HandleStatusCode;
			productReference = 60BD2F0821158BE3007803BF /* HandleStatusCode.app */;
			productType = "com.apple.product-type.application";
		};
/* End PBXNativeTarget section */

/* Begin PBXProject section */
		60BD2F0021158BE3007803BF /* Project object */ = {
			isa = PBXProject;
			attributes = {
				LastSwiftUpdateCheck = 0940;
				LastUpgradeCheck = 0940;
				ORGANIZATIONNAME = "Atthachai Meethong";
				TargetAttributes = {
					60BD2F0721158BE3007803BF = {
						CreatedOnToolsVersion = 9.4.1;
					};
				};
			};
			buildConfigurationList = 60BD2F0321158BE3007803BF /* Build configuration list for PBXProject "HandleStatusCode" */;
			compatibilityVersion = "Xcode 9.3";
			developmentRegion = en;
			hasScannedForEncodings = 0;
			knownRegions = (
				en,
				Base,
			);
			mainGroup = 60BD2EFF21158BE3007803BF;
			productRefGroup = 60BD2F0921158BE3007803BF /* Products */;
			projectDirPath = "";
			projectRoot = "";
			targets = (
				60BD2F0721158BE3007803BF /* HandleStatusCode */,
			);
		};
/* End PBXProject section */

/* Begin PBXResourcesBuildPhase section */
		60BD2F0621158BE3007803BF /* Resources */ = {
			isa = PBXResourcesBuildPhase;
			buildActionMask = 2147483647;
			files = (
				60BD2F1621158BE7007803BF /* LaunchScreen.storyboard in Resources */,
				60BD2F1321158BE7007803BF /* Assets.xcassets in Resources */,
				60BD2F1121158BE4007803BF /* Main.storyboard in Resources */,
			);
			runOnlyForDeploymentPostprocessing = 0;
		};
/* End PBXResourcesBuildPhase section */

/* Begin PBXShellScriptBuildPhase section */
		561E1C8DF8E9F6D0088EEAB6 /* [CP] Embed Pods Frameworks */ = {
			isa = PBXShellScriptBuildPhase;
			buildActionMask = 2147483647;
			files = (
			);
			inputPaths = (
				"${SRCROOT}/Pods/Target Support Files/Pods-HandleStatusCode/Pods-HandleStatusCode-frameworks.sh",
				"${BUILT_PRODUCTS_DIR}/Alamofire/Alamofire.framework",
				"${BUILT_PRODUCTS_DIR}/Moya/Moya.framework",
				"${BUILT_PRODUCTS_DIR}/Result/Result.framework",
				"${BUILT_PRODUCTS_DIR}/RxSwift/RxSwift.framework",
			);
			name = "[CP] Embed Pods Frameworks";
			outputPaths = (
				"${TARGET_BUILD_DIR}/${FRAMEWORKS_FOLDER_PATH}/Alamofire.framework",
				"${TARGET_BUILD_DIR}/${FRAMEWORKS_FOLDER_PATH}/Moya.framework",
				"${TARGET_BUILD_DIR}/${FRAMEWORKS_FOLDER_PATH}/Result.framework",
				"${TARGET_BUILD_DIR}/${FRAMEWORKS_FOLDER_PATH}/RxSwift.framework",
			);
			runOnlyForDeploymentPostprocessing = 0;
			shellPath = /bin/sh;
			shellScript = "\"${SRCROOT}/Pods/Target Support Files/Pods-HandleStatusCode/Pods-HandleStatusCode-frameworks.sh\"\n";
			showEnvVarsInLog = 0;
		};
		9D633D57B6CC2D9C0236FC80 /* [CP] Check Pods Manifest.lock */ = {
			isa = PBXShellScriptBuildPhase;
			buildActionMask = 2147483647;
			files = (
			);
			inputPaths = (
				"${PODS_PODFILE_DIR_PATH}/Podfile.lock",
				"${PODS_ROOT}/Manifest.lock",
			);
			name = "[CP] Check Pods Manifest.lock";
			outputPaths = (
				"$(DERIVED_FILE_DIR)/Pods-HandleStatusCode-checkManifestLockResult.txt",
			);
			runOnlyForDeploymentPostprocessing = 0;
			shellPath = /bin/sh;
			shellScript = "diff \"${PODS_PODFILE_DIR_PATH}/Podfile.lock\" \"${PODS_ROOT}/Manifest.lock\" > /dev/null\nif [ $? != 0 ] ; then\n    # print error to STDERR\n    echo \"error: The sandbox is not in sync with the Podfile.lock. Run 'pod install' or update your CocoaPods installation.\" >&2\n    exit 1\nfi\n# This output is used by Xcode 'outputs' to avoid re-running this script phase.\necho \"SUCCESS\" > \"${SCRIPT_OUTPUT_FILE_0}\"\n";
			showEnvVarsInLog = 0;
		};
/* End PBXShellScriptBuildPhase section */

/* Begin PBXSourcesBuildPhase section */
		60BD2F0421158BE3007803BF /* Sources */ = {
			isa = PBXSourcesBuildPhase;
			buildActionMask = 2147483647;
			files = (
				60BD2F0E21158BE4007803BF /* ViewController.swift in Sources */,
				60BD2F0C21158BE4007803BF /* AppDelegate.swift in Sources */,
				60BD2F22211594D2007803BF /* ViewModel.swift in Sources */,
				60BD2F2021159483007803BF /* UserService.swift in Sources */,
			);
			runOnlyForDeploymentPostprocessing = 0;
		};
/* End PBXSourcesBuildPhase section */

/* Begin PBXVariantGroup section */
		60BD2F0F21158BE4007803BF /* Main.storyboard */ = {
			isa = PBXVariantGroup;
			children = (
				60BD2F1021158BE4007803BF /* Base */,
			);
			name = Main.storyboard;
			sourceTree = "<group>";
		};
		60BD2F1421158BE7007803BF /* LaunchScreen.storyboard */ = {
			isa = PBXVariantGroup;
			children = (
				60BD2F1521158BE7007803BF /* Base */,
			);
			name = LaunchScreen.storyboard;
			sourceTree = "<group>";
		};
/* End PBXVariantGroup section */

/* Begin XCBuildConfiguration section */
		60BD2F1821158BE7007803BF /* Debug */ = {
			isa = XCBuildConfiguration;
			buildSettings = {
				ALWAYS_SEARCH_USER_PATHS = NO;
				CLANG_ANALYZER_NONNULL = YES;
				CLANG_ANALYZER_NUMBER_OBJECT_CONVERSION = YES_AGGRESSIVE;
				CLANG_CXX_LANGUAGE_STANDARD = "gnu++14";
				CLANG_CXX_LIBRARY = "libc++";
				CLANG_ENABLE_MODULES = YES;
				CLANG_ENABLE_OBJC_ARC = YES;
				CLANG_ENABLE_OBJC_WEAK = YES;
				CLANG_WARN_BLOCK_CAPTURE_AUTORELEASING = YES;
				CLANG_WARN_BOOL_CONVERSION = YES;
				CLANG_WARN_COMMA = YES;
				CLANG_WARN_CONSTANT_CONVERSION = YES;
				CLANG_WARN_DEPRECATED_OBJC_IMPLEMENTATIONS = YES;
				CLANG_WARN_DIRECT_OBJC_ISA_USAGE = YES_ERROR;
				CLANG_WARN_DOCUMENTATION_COMMENTS = YES;
				CLANG_WARN_EMPTY_BODY = YES;
				CLANG_WARN_ENUM_CONVERSION = YES;
				CLANG_WARN_INFINITE_RECURSION = YES;
				CLANG_WARN_INT_CONVERSION = YES;
				CLANG_WARN_NON_LITERAL_NULL_CONVERSION = YES;
				CLANG_WARN_OBJC_IMPLICIT_RETAIN_SELF = YES;
				CLANG_WARN_OBJC_LITERAL_CONVERSION = YES;
				CLANG_WARN_OBJC_ROOT_CLASS = YES_ERROR;
				CLANG_WARN_RANGE_LOOP_ANALYSIS = YES;
				CLANG_WARN_STRICT_PROTOTYPES = YES;
				CLANG_WARN_SUSPICIOUS_MOVE = YES;
				CLANG_WARN_UNGUARDED_AVAILABILITY = YES_AGGRESSIVE;
				CLANG_WARN_UNREACHABLE_CODE = YES;
				CLANG_WARN__DUPLICATE_METHOD_MATCH = YES;
				CODE_SIGN_IDENTITY = "iPhone Developer";
				COPY_PHASE_STRIP = NO;
				DEBUG_INFORMATION_FORMAT = dwarf;
				ENABLE_STRICT_OBJC_MSGSEND = YES;
				ENABLE_TESTABILITY = YES;
				GCC_C_LANGUAGE_STANDARD = gnu11;
				GCC_DYNAMIC_NO_PIC = NO;
				GCC_NO_COMMON_BLOCKS = YES;
				GCC_OPTIMIZATION_LEVEL = 0;
				GCC_PREPROCESSOR_DEFINITIONS = (
					"DEBUG=1",
					"$(inherited)",
				);
				GCC_WARN_64_TO_32_BIT_CONVERSION = YES;
				GCC_WARN_ABOUT_RETURN_TYPE = YES_ERROR;
				GCC_WARN_UNDECLARED_SELECTOR = YES;
				GCC_WARN_UNINITIALIZED_AUTOS = YES_AGGRESSIVE;
				GCC_WARN_UNUSED_FUNCTION = YES;
				GCC_WARN_UNUSED_VARIABLE = YES;
				IPHONEOS_DEPLOYMENT_TARGET = 10.0;
				MTL_ENABLE_DEBUG_INFO = YES;
				ONLY_ACTIVE_ARCH = YES;
				SDKROOT = iphoneos;
				SWIFT_ACTIVE_COMPILATION_CONDITIONS = DEBUG;
				SWIFT_OPTIMIZATION_LEVEL = "-Onone";
			};
			name = Debug;
		};
		60BD2F1921158BE7007803BF /* Release */ = {
			isa = XCBuildConfiguration;
			buildSettings = {
				ALWAYS_SEARCH_USER_PATHS = NO;
				CLANG_ANALYZER_NONNULL = YES;
				CLANG_ANALYZER_NUMBER_OBJECT_CONVERSION = YES_AGGRESSIVE;
				CLANG_CXX_LANGUAGE_STANDARD = "gnu++14";
				CLANG_CXX_LIBRARY = "libc++";
				CLANG_ENABLE_MODULES = YES;
				CLANG_ENABLE_OBJC_ARC = YES;
				CLANG_ENABLE_OBJC_WEAK = YES;
				CLANG_WARN_BLOCK_CAPTURE_AUTORELEASING = YES;
				CLANG_WARN_BOOL_CONVERSION = YES;
				CLANG_WARN_COMMA = YES;
				CLANG_WARN_CONSTANT_CONVERSION = YES;
				CLANG_WARN_DEPRECATED_OBJC_IMPLEMENTATIONS = YES;
				CLANG_WARN_DIRECT_OBJC_ISA_USAGE = YES_ERROR;
				CLANG_WARN_DOCUMENTATION_COMMENTS = YES;
				CLANG_WARN_EMPTY_BODY = YES;
				CLANG_WARN_ENUM_CONVERSION = YES;
				CLANG_WARN_INFINITE_RECURSION = YES;
				CLANG_WARN_INT_CONVERSION = YES;
				CLANG_WARN_NON_LITERAL_NULL_CONVERSION = YES;
				CLANG_WARN_OBJC_IMPLICIT_RETAIN_SELF = YES;
				CLANG_WARN_OBJC_LITERAL_CONVERSION = YES;
				CLANG_WARN_OBJC_ROOT_CLASS = YES_ERROR;
				CLANG_WARN_RANGE_LOOP_ANALYSIS = YES;
				CLANG_WARN_STRICT_PROTOTYPES = YES;
				CLANG_WARN_SUSPICIOUS_MOVE = YES;
				CLANG_WARN_UNGUARDED_AVAILABILITY = YES_AGGRESSIVE;
				CLANG_WARN_UNREACHABLE_CODE = YES;
				CLANG_WARN__DUPLICATE_METHOD_MATCH = YES;
				CODE_SIGN_IDENTITY = "iPhone Developer";
				COPY_PHASE_STRIP = NO;
				DEBUG_INFORMATION_FORMAT = "dwarf-with-dsym";
				ENABLE_NS_ASSERTIONS = NO;
				ENABLE_STRICT_OBJC_MSGSEND = YES;
				GCC_C_LANGUAGE_STANDARD = gnu11;
				GCC_NO_COMMON_BLOCKS = YES;
				GCC_WARN_64_TO_32_BIT_CONVERSION = YES;
				GCC_WARN_ABOUT_RETURN_TYPE = YES_ERROR;
				GCC_WARN_UNDECLARED_SELECTOR = YES;
				GCC_WARN_UNINITIALIZED_AUTOS = YES_AGGRESSIVE;
				GCC_WARN_UNUSED_FUNCTION = YES;
				GCC_WARN_UNUSED_VARIABLE = YES;
				IPHONEOS_DEPLOYMENT_TARGET = 10.0;
				MTL_ENABLE_DEBUG_INFO = NO;
				SDKROOT = iphoneos;
				SWIFT_COMPILATION_MODE = wholemodule;
				SWIFT_OPTIMIZATION_LEVEL = "-O";
				VALIDATE_PRODUCT = YES;
			};
			name = Release;
		};
		60BD2F1B21158BE7007803BF /* Debug */ = {
			isa = XCBuildConfiguration;
			baseConfigurationReference = B7B2FA79BCA1B95065B2F02A /* Pods-HandleStatusCode.debug.xcconfig */;
			buildSettings = {
				ASSETCATALOG_COMPILER_APPICON_NAME = AppIcon;
				CODE_SIGN_STYLE = Automatic;
				DEVELOPMENT_TEAM = JYE4863HKW;
				INFOPLIST_FILE = HandleStatusCode/Info.plist;
				IPHONEOS_DEPLOYMENT_TARGET = 10.0;
				LD_RUNPATH_SEARCH_PATHS = (
					"$(inherited)",
					"@executable_path/Frameworks",
				);
				PRODUCT_BUNDLE_IDENTIFIER = com.motojojoe.HandleStatusCode;
				PRODUCT_NAME = "$(TARGET_NAME)";
				SWIFT_VERSION = 4.0;
				TARGETED_DEVICE_FAMILY = "1,2";
			};
			name = Debug;
		};
		60BD2F1C21158BE7007803BF /* Release */ = {
			isa = XCBuildConfiguration;
			baseConfigurationReference = D050EBD95A2400217F02954E /* Pods-HandleStatusCode.release.xcconfig */;
			buildSettings = {
				ASSETCATALOG_COMPILER_APPICON_NAME = AppIcon;
				CODE_SIGN_STYLE = Automatic;
				DEVELOPMENT_TEAM = JYE4863HKW;
				INFOPLIST_FILE = HandleStatusCode/Info.plist;
				IPHONEOS_DEPLOYMENT_TARGET = 10.0;
				LD_RUNPATH_SEARCH_PATHS = (
					"$(inherited)",
					"@executable_path/Frameworks",
				);
				PRODUCT_BUNDLE_IDENTIFIER = com.motojojoe.HandleStatusCode;
				PRODUCT_NAME = "$(TARGET_NAME)";
				SWIFT_VERSION = 4.0;
				TARGETED_DEVICE_FAMILY = "1,2";
			};
			name = Release;
		};
/* End XCBuildConfiguration section */

/* Begin XCConfigurationList section */
		60BD2F0321158BE3007803BF /* Build configuration list for PBXProject "HandleStatusCode" */ = {
			isa = XCConfigurationList;
			buildConfigurations = (
				60BD2F1821158BE7007803BF /* Debug */,
				60BD2F1921158BE7007803BF /* Release */,
			);
			defaultConfigurationIsVisible = 0;
			defaultConfigurationName = Release;
		};
		60BD2F1A21158BE7007803BF /* Build configuration list for PBXNativeTarget "HandleStatusCode" */ = {
			isa = XCConfigurationList;
			buildConfigurations = (
				60BD2F1B21158BE7007803BF /* Debug */,
				60BD2F1C21158BE7007803BF /* Release */,
			);
			defaultConfigurationIsVisible = 0;
			defaultConfigurationName = Release;
		};
/* End XCConfigurationList section */
	};
	rootObject = 60BD2F0021158BE3007803BF /* Project object */;
}
